
Microsoft Visual Studio Solution File, Format Version 12.00
# Visual Studio Version 16
VisualStudioVersion = 16.0.30320.27
MinimumVisualStudioVersion = 10.0.40219.1
Project("{FAE04EC0-301F-11D3-BF4B-00C04F79EFBC}") = "CsharpTemplate", "CsharpTemplate\CsharpTemplate.csproj", "{C2DF06B3-FF40-4FE5-B656-B432F25FA694}"
EndProject
Global
	GlobalSection(SolutionConfigurationPlatforms) = preSolution
		Debug|Any CPU = Debug|Any CPU
		Release|Any CPU = Release|Any CPU
	EndGlobalSection
	GlobalSection(ProjectConfigurationPlatforms) = postSolution
		{C2DF06B3-FF40-4FE5-B656-B432F25FA694}.Debug|Any CPU.ActiveCfg = Debug|Any CPU
		{C2DF06B3-FF40-4FE5-B656-B432F25FA694}.Debug|Any CPU.Build.0 = Debug|Any CPU
		{C2DF06B3-FF40-4FE5-B656-B432F25FA694}.Release|Any CPU.ActiveCfg = Release|Any CPU
		{C2DF06B3-FF40-4FE5-B656-B432F25FA694}.Release|Any CPU.Build.0 = Release|Any CPU
	EndGlobalSection
	GlobalSection(SolutionProperties) = preSolution
		HideSolutionNode = FALSE
	EndGlobalSection
	GlobalSection(ExtensibilityGlobals) = postSolution
		SolutionGuid = {8804BF93-94E6-4F06-95F6-BB6B47D5E885}
	EndGlobalSection
EndGlobal
